
Microsoft Visual Studio Solution File, Format Version 11.00
# Visual Studio 2010
Project("{FAE04EC0-301F-11D3-BF4B-00C04F79EFBC}") = "Assembly-CSharp", "Assembly-CSharp.csproj", "{41cfde85-e1a9-2777-5d22-7cb593621627}"
EndProject
Project("{FAE04EC0-301F-11D3-BF4B-00C04F79EFBC}") = "Assembly-CSharp-firstpass", "Assembly-CSharp-firstpass.csproj", "{faa55683-ec95-20f9-b690-5edd9a884991}"
EndProject
Global
	GlobalSection(SolutionConfigurationPlatforms) = preSolution
		Debug|Any CPU = Debug|Any CPU
	EndGlobalSection
	GlobalSection(ProjectConfigurationPlatforms) = postSolution
		{41cfde85-e1a9-2777-5d22-7cb593621627}.Debug|Any CPU.ActiveCfg = Debug|Any CPU
		{41cfde85-e1a9-2777-5d22-7cb593621627}.Debug|Any CPU.Build.0 = Debug|Any CPU
		{faa55683-ec95-20f9-b690-5edd9a884991}.Debug|Any CPU.ActiveCfg = Debug|Any CPU
		{faa55683-ec95-20f9-b690-5edd9a884991}.Debug|Any CPU.Build.0 = Debug|Any CPU
	EndGlobalSection
	GlobalSection(SolutionProperties) = preSolution
		HideSolutionNode = FALSE
	EndGlobalSection
EndGlobal
